{
  "name": "example",
  "version": "1.0.0",
  "lockfileVersion": 2,
  "requires": true,
  "packages": {
    "": {
      "name": "example",
      "version": "1.0.0",
      "license": "ISC",
      "dependencies": {
        "nexema": "^1.0.9"
      }
    },
    "node_modules/nexema": {
      "version": "1.0.9",
      "resolved": "https://registry.npmjs.org/nexema/-/nexema-1.0.9.tgz",
      "integrity": "sha512-6uB0dQth9adMWAnjqStKNoBmWI/gNqJLVRoDvynhamJhC1o+fo4WrLTktn9fhLJl1oIB2VKUOQG6K1lcGkmSKw=="
    }
  },
  "dependencies": {
    "nexema": {
      "version": "1.0.9",
      "resolved": "https://registry.npmjs.org/nexema/-/nexema-1.0.9.tgz",
      "integrity": "sha512-6uB0dQth9adMWAnjqStKNoBmWI/gNqJLVRoDvynhamJhC1o+fo4WrLTktn9fhLJl1oIB2VKUOQG6K1lcGkmSKw=="
    }
  }
}
