{
  "name": "example",
  "version": "1.0.0",
  "lockfileVersion": 2,
  "requires": true,
  "packages": {
    "": {
      "name": "example",
      "version": "1.0.0",
      "license": "ISC",
      "dependencies": {
        "nexema": "^1.0.8"
      }
    },
    "node_modules/nexema": {
      "version": "1.0.8",
      "resolved": "https://registry.npmjs.org/nexema/-/nexema-1.0.8.tgz",
      "integrity": "sha512-0w6sxc/B1spZoGooLCARSfpcQwWYiK/+PaJb98oWkhDCi12+s4ygxoK4bDyuY+jBteKbqzQDG8WplZ513q2rlA=="
    }
  },
  "dependencies": {
    "nexema": {
      "version": "1.0.8",
      "resolved": "https://registry.npmjs.org/nexema/-/nexema-1.0.8.tgz",
      "integrity": "sha512-0w6sxc/B1spZoGooLCARSfpcQwWYiK/+PaJb98oWkhDCi12+s4ygxoK4bDyuY+jBteKbqzQDG8WplZ513q2rlA=="
    }
  }
}
