{
  "name": "example",
  "version": "1.0.0",
  "lockfileVersion": 2,
  "requires": true,
  "packages": {
    "": {
      "name": "example",
      "version": "1.0.0",
      "license": "ISC",
      "dependencies": {
        "nexema": "^1.0.13"
      }
    },
    "node_modules/nexema": {
      "version": "1.0.13",
      "resolved": "https://registry.npmjs.org/nexema/-/nexema-1.0.13.tgz",
      "integrity": "sha512-+06kruD2Z1xCcEBMvPvyVP7nk8gyNAUbpVYqGi0+axbLGBxxperlqunAxJNRKVRWKhoS4Rv4+ZFBIaLlS/lCOw=="
    }
  },
  "dependencies": {
    "nexema": {
      "version": "1.0.13",
      "resolved": "https://registry.npmjs.org/nexema/-/nexema-1.0.13.tgz",
      "integrity": "sha512-+06kruD2Z1xCcEBMvPvyVP7nk8gyNAUbpVYqGi0+axbLGBxxperlqunAxJNRKVRWKhoS4Rv4+ZFBIaLlS/lCOw=="
    }
  }
}
